Microsoft Visual Studio Solution File, Format Version 12.00
# Visual Studio Version 17
VisualStudioVersion = 17.5.2.0
MinimumVisualStudioVersion = 10.0.40219.1
Project("{FAE04EC0-301F-11D3-BF4B-00C04F79EFBC}") = "DllManagerServer", "DllManagerServer.csproj", "{065CA438-B579-DA8C-E2CB-6958A412A978}"
EndProject
Global
	GlobalSection(SolutionConfigurationPlatforms) = preSolution
		Debug|Any CPU = Debug|Any CPU
		Release|Any CPU = Release|Any CPU
	EndGlobalSection
	GlobalSection(ProjectConfigurationPlatforms) = postSolution
		{065CA438-B579-DA8C-E2CB-6958A412A978}.Debug|Any CPU.ActiveCfg = Debug|Any CPU
		{065CA438-B579-DA8C-E2CB-6958A412A978}.Debug|Any CPU.Build.0 = Debug|Any CPU
		{065CA438-B579-DA8C-E2CB-6958A412A978}.Release|Any CPU.ActiveCfg = Release|Any CPU
		{065CA438-B579-DA8C-E2CB-6958A412A978}.Release|Any CPU.Build.0 = Release|Any CPU
	EndGlobalSection
	GlobalSection(SolutionProperties) = preSolution
		HideSolutionNode = FALSE
	EndGlobalSection
	GlobalSection(ExtensibilityGlobals) = postSolution
		SolutionGuid = {348DC96E-9F83-4E84-AD61-A7E1B27CC088}
	EndGlobalSection
EndGlobal
